
Microsoft Visual Studio Solution File, Format Version 12.00
# Visual Studio Version 16
VisualStudioVersion = 16.0.32228.343
MinimumVisualStudioVersion = 10.0.40219.1
Project("{FAE04EC0-301F-11D3-BF4B-00C04F79EFBC}") = "BangKiralama", "BangKiralama.csproj", "{E15FF636-3A07-4CE2-9793-1115D7A1EBDF}"
EndProject
Global
	GlobalSection(SolutionConfigurationPlatforms) = preSolution
		Debug|Any CPU = Debug|Any CPU
		Release|Any CPU = Release|Any CPU
	EndGlobalSection
	GlobalSection(ProjectConfigurationPlatforms) = postSolution
		{E15FF636-3A07-4CE2-9793-1115D7A1EBDF}.Debug|Any CPU.ActiveCfg = Debug|Any CPU
		{E15FF636-3A07-4CE2-9793-1115D7A1EBDF}.Debug|Any CPU.Build.0 = Debug|Any CPU
		{E15FF636-3A07-4CE2-9793-1115D7A1EBDF}.Release|Any CPU.ActiveCfg = Release|Any CPU
		{E15FF636-3A07-4CE2-9793-1115D7A1EBDF}.Release|Any CPU.Build.0 = Release|Any CPU
	EndGlobalSection
	GlobalSection(SolutionProperties) = preSolution
		HideSolutionNode = FALSE
	EndGlobalSection
	GlobalSection(ExtensibilityGlobals) = postSolution
		SolutionGuid = {032633EB-AE06-4320-8D0A-3F1E9DBE784D}
	EndGlobalSection
EndGlobal
